
Microsoft Visual Studio Solution File, Format Version 12.00
# Visual Studio Version 17
VisualStudioVersion = 17.2.32526.322
MinimumVisualStudioVersion = 10.0.40219.1
Project("{FAE04EC0-301F-11D3-BF4B-00C04F79EFBC}") = "ConsoleApp1", "ConsoleApp1\ConsoleApp1.csproj", "{935513BE-8FED-4A90-B813-5A2072E12B39}"
EndProject
Global
	GlobalSection(SolutionConfigurationPlatforms) = preSolution
		Debug|Any CPU = Debug|Any CPU
		Release|Any CPU = Release|Any CPU
	EndGlobalSection
	GlobalSection(ProjectConfigurationPlatforms) = postSolution
		{935513BE-8FED-4A90-B813-5A2072E12B39}.Debug|Any CPU.ActiveCfg = Debug|Any CPU
		{935513BE-8FED-4A90-B813-5A2072E12B39}.Debug|Any CPU.Build.0 = Debug|Any CPU
		{935513BE-8FED-4A90-B813-5A2072E12B39}.Release|Any CPU.ActiveCfg = Release|Any CPU
		{935513BE-8FED-4A90-B813-5A2072E12B39}.Release|Any CPU.Build.0 = Release|Any CPU
	EndGlobalSection
	GlobalSection(SolutionProperties) = preSolution
		HideSolutionNode = FALSE
	EndGlobalSection
	GlobalSection(ExtensibilityGlobals) = postSolution
		SolutionGuid = {14F2B466-2ED7-4A10-9574-AC6FFF87D6D8}
	EndGlobalSection
EndGlobal
